
Microsoft Visual Studio Solution File, Format Version 12.00
# Visual Studio Version 17
VisualStudioVersion = 17.8.34601.278
MinimumVisualStudioVersion = 10.0.40219.1
Project("{9A19103F-16F7-4668-BE54-9A1E7A4F7556}") = "Booking Halls", "Booking Halls\Booking Halls.csproj", "{4FD9F181-4FB3-47BC-96DE-3026B0209533}"
EndProject
Project("{9A19103F-16F7-4668-BE54-9A1E7A4F7556}") = "Booking Halls.Infrastructure", "Booking Halls.Infrastructure\Booking Halls.Infrastructure.csproj", "{6C8FD8A3-58AD-4F97-A0C3-377423140849}"
	ProjectSection(ProjectDependencies) = postProject
		{00949D20-BC05-4FC0-B12C-E23FFD216D5C} = {00949D20-BC05-4FC0-B12C-E23FFD216D5C}
	EndProjectSection
EndProject
Project("{9A19103F-16F7-4668-BE54-9A1E7A4F7556}") = "Booking Halls.Core", "Booking Halls.Core\Booking Halls.Core.csproj", "{AC7EED0A-792F-40A2-8621-7E9BD0B62B59}"
EndProject
Project("{9A19103F-16F7-4668-BE54-9A1E7A4F7556}") = "Booking Halls.Application", "Booking Halls.Application\Booking Halls.Application.csproj", "{00949D20-BC05-4FC0-B12C-E23FFD216D5C}"
	ProjectSection(ProjectDependencies) = postProject
		{AC7EED0A-792F-40A2-8621-7E9BD0B62B59} = {AC7EED0A-792F-40A2-8621-7E9BD0B62B59}
	EndProjectSection
EndProject
Global
	GlobalSection(SolutionConfigurationPlatforms) = preSolution
		Debug|Any CPU = Debug|Any CPU
		Release|Any CPU = Release|Any CPU
	EndGlobalSection
	GlobalSection(ProjectConfigurationPlatforms) = postSolution
		{4FD9F181-4FB3-47BC-96DE-3026B0209533}.Debug|Any CPU.ActiveCfg = Debug|Any CPU
		{4FD9F181-4FB3-47BC-96DE-3026B0209533}.Debug|Any CPU.Build.0 = Debug|Any CPU
		{4FD9F181-4FB3-47BC-96DE-3026B0209533}.Release|Any CPU.ActiveCfg = Release|Any CPU
		{4FD9F181-4FB3-47BC-96DE-3026B0209533}.Release|Any CPU.Build.0 = Release|Any CPU
		{6C8FD8A3-58AD-4F97-A0C3-377423140849}.Debug|Any CPU.ActiveCfg = Debug|Any CPU
		{6C8FD8A3-58AD-4F97-A0C3-377423140849}.Debug|Any CPU.Build.0 = Debug|Any CPU
		{6C8FD8A3-58AD-4F97-A0C3-377423140849}.Release|Any CPU.ActiveCfg = Release|Any CPU
		{6C8FD8A3-58AD-4F97-A0C3-377423140849}.Release|Any CPU.Build.0 = Release|Any CPU
		{AC7EED0A-792F-40A2-8621-7E9BD0B62B59}.Debug|Any CPU.ActiveCfg = Debug|Any CPU
		{AC7EED0A-792F-40A2-8621-7E9BD0B62B59}.Debug|Any CPU.Build.0 = Debug|Any CPU
		{AC7EED0A-792F-40A2-8621-7E9BD0B62B59}.Release|Any CPU.ActiveCfg = Release|Any CPU
		{AC7EED0A-792F-40A2-8621-7E9BD0B62B59}.Release|Any CPU.Build.0 = Release|Any CPU
		{00949D20-BC05-4FC0-B12C-E23FFD216D5C}.Debug|Any CPU.ActiveCfg = Debug|Any CPU
		{00949D20-BC05-4FC0-B12C-E23FFD216D5C}.Debug|Any CPU.Build.0 = Debug|Any CPU
		{00949D20-BC05-4FC0-B12C-E23FFD216D5C}.Release|Any CPU.ActiveCfg = Release|Any CPU
		{00949D20-BC05-4FC0-B12C-E23FFD216D5C}.Release|Any CPU.Build.0 = Release|Any CPU
	EndGlobalSection
	GlobalSection(SolutionProperties) = preSolution
		HideSolutionNode = FALSE
	EndGlobalSection
	GlobalSection(ExtensibilityGlobals) = postSolution
		SolutionGuid = {C83C1D8B-6D0E-42F7-98CD-5DAAAE84FF47}
	EndGlobalSection
EndGlobal
